
Microsoft Visual Studio Solution File, Format Version 12.00
# Visual Studio Version 16
VisualStudioVersion = 16.0.30804.86
MinimumVisualStudioVersion = 10.0.40219.1
Project("{FAE04EC0-301F-11D3-BF4B-00C04F79EFBC}") = "ClassLibrary3", "ClassLibrary3\ClassLibrary3.csproj", "{66D634B9-CDAB-48BF-AB2D-E1196509B101}"
EndProject
Global
	GlobalSection(SolutionConfigurationPlatforms) = preSolution
		Debug|Any CPU = Debug|Any CPU
		Release|Any CPU = Release|Any CPU
	EndGlobalSection
	GlobalSection(ProjectConfigurationPlatforms) = postSolution
		{66D634B9-CDAB-48BF-AB2D-E1196509B101}.Debug|Any CPU.ActiveCfg = Debug|Any CPU
		{66D634B9-CDAB-48BF-AB2D-E1196509B101}.Debug|Any CPU.Build.0 = Debug|Any CPU
		{66D634B9-CDAB-48BF-AB2D-E1196509B101}.Release|Any CPU.ActiveCfg = Release|Any CPU
		{66D634B9-CDAB-48BF-AB2D-E1196509B101}.Release|Any CPU.Build.0 = Release|Any CPU
	EndGlobalSection
	GlobalSection(SolutionProperties) = preSolution
		HideSolutionNode = FALSE
	EndGlobalSection
	GlobalSection(ExtensibilityGlobals) = postSolution
		SolutionGuid = {476060A8-383A-4887-B00C-5FEC96478CBC}
	EndGlobalSection
EndGlobal
